// !$*UTF8*$!
{
	archiveVersion = 1;
	classes = {
	};
	objectVersion = 48;
	objects = {

/* Begin PBXBuildFile section */
		9F061C8D206BFB7700F490EB /* EpitechEisenhowerAuthProtocol.swift in Sources */ = {isa = PBXBuildFile; fileRef = 9F061C8C206BFB7700F490EB /* EpitechEisenhowerAuthProtocol.swift */; };
		9F061C8F206BFBB400F490EB /* EpitechEisenhowerAuth.swift in Sources */ = {isa = PBXBuildFile; fileRef = 9F061C8E206BFBB400F490EB /* EpitechEisenhowerAuth.swift */; };
		9F061C91206C164E00F490EB /* StringExtension.swift in Sources */ = {isa = PBXBuildFile; fileRef = 9F061C90206C164E00F490EB /* StringExtension.swift */; };
		9F061C93206C209600F490EB /* GoogleService-Info.plist in Resources */ = {isa = PBXBuildFile; fileRef = 9F061C92206C209600F490EB /* GoogleService-Info.plist */; };
		9F061C95206F88B700F490EB /* CreateAccountViewController.swift in Sources */ = {isa = PBXBuildFile; fileRef = 9F061C94206F88B700F490EB /* CreateAccountViewController.swift */; };
		9F061C97206F929200F490EB /* HomeViewController.swift in Sources */ = {isa = PBXBuildFile; fileRef = 9F061C96206F929200F490EB /* HomeViewController.swift */; };
		9F061C9A206F96B200F490EB /* TaskEntity.swift in Sources */ = {isa = PBXBuildFile; fileRef = 9F061C99206F96B200F490EB /* TaskEntity.swift */; };
		9F061C9C206F96DA00F490EB /* Entity.swift in Sources */ = {isa = PBXBuildFile; fileRef = 9F061C9B206F96DA00F490EB /* Entity.swift */; };
		9F061C9E206F986500F490EB /* UserEntity.swift in Sources */ = {isa = PBXBuildFile; fileRef = 9F061C9D206F986500F490EB /* UserEntity.swift */; };
		9FEEDDAE206444FE00F0DDAE /* AppDelegate.swift in Sources */ = {isa = PBXBuildFile; fileRef = 9FEEDDAD206444FE00F0DDAE /* AppDelegate.swift */; };
		9FEEDDB0206444FE00F0DDAE /* SignInViewController.swift in Sources */ = {isa = PBXBuildFile; fileRef = 9FEEDDAF206444FE00F0DDAE /* SignInViewController.swift */; };
		9FEEDDB3206444FE00F0DDAE /* Main.storyboard in Resources */ = {isa = PBXBuildFile; fileRef = 9FEEDDB1206444FE00F0DDAE /* Main.storyboard */; };
		9FEEDDB5206444FE00F0DDAE /* Assets.xcassets in Resources */ = {isa = PBXBuildFile; fileRef = 9FEEDDB4206444FE00F0DDAE /* Assets.xcassets */; };
		9FEEDDB8206444FF00F0DDAE /* LaunchScreen.storyboard in Resources */ = {isa = PBXBuildFile; fileRef = 9FEEDDB6206444FF00F0DDAE /* LaunchScreen.storyboard */; };
		9FEEDDC3206444FF00F0DDAE /* EpitechEisenhowerTests.swift in Sources */ = {isa = PBXBuildFile; fileRef = 9FEEDDC2206444FF00F0DDAE /* EpitechEisenhowerTests.swift */; };
		D00D0BA86A2897AEFF2BB84A /* Pods_EpitechEisenhower.framework in Frameworks */ = {isa = PBXBuildFile; fileRef = 5A88F3033DDB0B0E35390C5B /* Pods_EpitechEisenhower.framework */; };
		E31D285D206FF93F00C2C70F /* ImportantIcon@3x.png in Resources */ = {isa = PBXBuildFile; fileRef = E31D2834206FF93E00C2C70F /* ImportantIcon@3x.png */; };
		E31D285E206FF93F00C2C70F /* ImportantIcon.png in Resources */ = {isa = PBXBuildFile; fileRef = E31D2835206FF93E00C2C70F /* ImportantIcon.png */; };
		E31D285F206FF93F00C2C70F /* Contents.json in Resources */ = {isa = PBXBuildFile; fileRef = E31D2836206FF93E00C2C70F /* Contents.json */; };
		E31D2860206FF93F00C2C70F /* ImportantIcon@2x.png in Resources */ = {isa = PBXBuildFile; fileRef = E31D2837206FF93E00C2C70F /* ImportantIcon@2x.png */; };
		E31D2861206FF93F00C2C70F /* ProfileIcon@2x.png in Resources */ = {isa = PBXBuildFile; fileRef = E31D2839206FF93E00C2C70F /* ProfileIcon@2x.png */; };
		E31D2862206FF93F00C2C70F /* ProfileIcon@3x.png in Resources */ = {isa = PBXBuildFile; fileRef = E31D283A206FF93E00C2C70F /* ProfileIcon@3x.png */; };
		E31D2863206FF94000C2C70F /* Contents.json in Resources */ = {isa = PBXBuildFile; fileRef = E31D283B206FF93E00C2C70F /* Contents.json */; };
		E31D2864206FF94000C2C70F /* ProfileIcon.png in Resources */ = {isa = PBXBuildFile; fileRef = E31D283C206FF93E00C2C70F /* ProfileIcon.png */; };
		E31D2865206FF94000C2C70F /* FBButton@3x.png in Resources */ = {isa = PBXBuildFile; fileRef = E31D283E206FF93E00C2C70F /* FBButton@3x.png */; };
		E31D2866206FF94000C2C70F /* Contents.json in Resources */ = {isa = PBXBuildFile; fileRef = E31D283F206FF93E00C2C70F /* Contents.json */; };
		E31D2867206FF94000C2C70F /* FBButton@2x.png in Resources */ = {isa = PBXBuildFile; fileRef = E31D2840206FF93E00C2C70F /* FBButton@2x.png */; };
		E31D2868206FF94000C2C70F /* FBButton.png in Resources */ = {isa = PBXBuildFile; fileRef = E31D2841206FF93E00C2C70F /* FBButton.png */; };
		E31D2869206FF94000C2C70F /* UrgentIcon@2x.png in Resources */ = {isa = PBXBuildFile; fileRef = E31D2843206FF93E00C2C70F /* UrgentIcon@2x.png */; };
		E31D286A206FF94000C2C70F /* UrgentIcon@3x.png in Resources */ = {isa = PBXBuildFile; fileRef = E31D2844206FF93E00C2C70F /* UrgentIcon@3x.png */; };
		E31D286B206FF94000C2C70F /* UrgentIcon.png in Resources */ = {isa = PBXBuildFile; fileRef = E31D2845206FF93E00C2C70F /* UrgentIcon.png */; };
		E31D286C206FF94000C2C70F /* Contents.json in Resources */ = {isa = PBXBuildFile; fileRef = E31D2846206FF93E00C2C70F /* Contents.json */; };
		E31D286D206FF94000C2C70F /* important.png in Resources */ = {isa = PBXBuildFile; fileRef = E31D2848206FF93F00C2C70F /* important.png */; };
		E31D286E206FF94000C2C70F /* Contents.json in Resources */ = {isa = PBXBuildFile; fileRef = E31D2849206FF93F00C2C70F /* Contents.json */; };
		E31D286F206FF94000C2C70F /* important@3x.png in Resources */ = {isa = PBXBuildFile; fileRef = E31D284A206FF93F00C2C70F /* important@3x.png */; };
		E31D2870206FF94000C2C70F /* important@2x.png in Resources */ = {isa = PBXBuildFile; fileRef = E31D284B206FF93F00C2C70F /* important@2x.png */; };
		E31D2871206FF94000C2C70F /* AddShare@2x.png in Resources */ = {isa = PBXBuildFile; fileRef = E31D284D206FF93F00C2C70F /* AddShare@2x.png */; };
		E31D2872206FF94000C2C70F /* AddShare@3x.png in Resources */ = {isa = PBXBuildFile; fileRef = E31D284E206FF93F00C2C70F /* AddShare@3x.png */; };
		E31D2873206FF94000C2C70F /* AddShare.png in Resources */ = {isa = PBXBuildFile; fileRef = E31D284F206FF93F00C2C70F /* AddShare.png */; };
		E31D2874206FF94000C2C70F /* Contents.json in Resources */ = {isa = PBXBuildFile; fileRef = E31D2850206FF93F00C2C70F /* Contents.json */; };
		E31D2875206FF94000C2C70F /* Contents.json in Resources */ = {isa = PBXBuildFile; fileRef = E31D2852206FF93F00C2C70F /* Contents.json */; };
		E31D2876206FF94000C2C70F /* AddTask.png in Resources */ = {isa = PBXBuildFile; fileRef = E31D2853206FF93F00C2C70F /* AddTask.png */; };
		E31D2877206FF94000C2C70F /* AddTask@3x.png in Resources */ = {isa = PBXBuildFile; fileRef = E31D2854206FF93F00C2C70F /* AddTask@3x.png */; };
		E31D2878206FF94000C2C70F /* AddTask@2x.png in Resources */ = {isa = PBXBuildFile; fileRef = E31D2855206FF93F00C2C70F /* AddTask@2x.png */; };
		E31D2879206FF94000C2C70F /* GoogleButton@3x.png in Resources */ = {isa = PBXBuildFile; fileRef = E31D2857206FF93F00C2C70F /* GoogleButton@3x.png */; };
		E31D287A206FF94000C2C70F /* GoogleButton@2x.png in Resources */ = {isa = PBXBuildFile; fileRef = E31D2858206FF93F00C2C70F /* GoogleButton@2x.png */; };
		E31D287B206FF94000C2C70F /* Contents.json in Resources */ = {isa = PBXBuildFile; fileRef = E31D2859206FF93F00C2C70F /* Contents.json */; };
		E31D287C206FF94000C2C70F /* GoogleButton.png in Resources */ = {isa = PBXBuildFile; fileRef = E31D285A206FF93F00C2C70F /* GoogleButton.png */; };
		E31D287D206FF94000C2C70F /* Contents.json in Resources */ = {isa = PBXBuildFile; fileRef = E31D285C206FF93F00C2C70F /* Contents.json */; };
		E31D287F20700B3C00C2C70F /* CustomNavBarController.swift in Sources */ = {isa = PBXBuildFile; fileRef = E31D287E20700B3C00C2C70F /* CustomNavBarController.swift */; };
/* End PBXBuildFile section */

/* Begin PBXContainerItemProxy section */
		9FEEDDBF206444FF00F0DDAE /* PBXContainerItemProxy */ = {
			isa = PBXContainerItemProxy;
			containerPortal = 9FEEDDA2206444FD00F0DDAE /* Project object */;
			proxyType = 1;
			remoteGlobalIDString = 9FEEDDA9206444FE00F0DDAE;
			remoteInfo = EpitechEisenhower;
		};
/* End PBXContainerItemProxy section */

/* Begin PBXFileReference section */
		5A88F3033DDB0B0E35390C5B /* Pods_EpitechEisenhower.framework */ = {isa = PBXFileReference; explicitFileType = wrapper.framework; includeInIndex = 0; path = Pods_EpitechEisenhower.framework; sourceTree = BUILT_PRODUCTS_DIR; };
		680EC0C3689B044EDA25D934 /* Pods-EpitechEisenhower.debug.xcconfig */ = {isa = PBXFileReference; includeInIndex = 1; lastKnownFileType = text.xcconfig; name = "Pods-EpitechEisenhower.debug.xcconfig"; path = "Pods/Target Support Files/Pods-EpitechEisenhower/Pods-EpitechEisenhower.debug.xcconfig"; sourceTree = "<group>"; };
		9F061C8C206BFB7700F490EB /* EpitechEisenhowerAuthProtocol.swift */ = {isa = PBXFileReference; lastKnownFileType = sourcecode.swift; path = EpitechEisenhowerAuthProtocol.swift; sourceTree = "<group>"; };
		9F061C8E206BFBB400F490EB /* EpitechEisenhowerAuth.swift */ = {isa = PBXFileReference; lastKnownFileType = sourcecode.swift; path = EpitechEisenhowerAuth.swift; sourceTree = "<group>"; };
		9F061C90206C164E00F490EB /* StringExtension.swift */ = {isa = PBXFileReference; lastKnownFileType = sourcecode.swift; path = StringExtension.swift; sourceTree = "<group>"; };
		9F061C92206C209600F490EB /* GoogleService-Info.plist */ = {isa = PBXFileReference; fileEncoding = 4; lastKnownFileType = text.plist.xml; path = "GoogleService-Info.plist"; sourceTree = "<group>"; };
		9F061C94206F88B700F490EB /* CreateAccountViewController.swift */ = {isa = PBXFileReference; lastKnownFileType = sourcecode.swift; path = CreateAccountViewController.swift; sourceTree = "<group>"; };
		9F061C96206F929200F490EB /* HomeViewController.swift */ = {isa = PBXFileReference; lastKnownFileType = sourcecode.swift; path = HomeViewController.swift; sourceTree = "<group>"; };
		9F061C99206F96B200F490EB /* TaskEntity.swift */ = {isa = PBXFileReference; lastKnownFileType = sourcecode.swift; path = TaskEntity.swift; sourceTree = "<group>"; };
		9F061C9B206F96DA00F490EB /* Entity.swift */ = {isa = PBXFileReference; lastKnownFileType = sourcecode.swift; path = Entity.swift; sourceTree = "<group>"; };
		9F061C9D206F986500F490EB /* UserEntity.swift */ = {isa = PBXFileReference; lastKnownFileType = sourcecode.swift; path = UserEntity.swift; sourceTree = "<group>"; };
		9FEEDDAA206444FE00F0DDAE /* EpitechEisenhower.app */ = {isa = PBXFileReference; explicitFileType = wrapper.application; includeInIndex = 0; path = EpitechEisenhower.app; sourceTree = BUILT_PRODUCTS_DIR; };
		9FEEDDAD206444FE00F0DDAE /* AppDelegate.swift */ = {isa = PBXFileReference; lastKnownFileType = sourcecode.swift; path = AppDelegate.swift; sourceTree = "<group>"; };
		9FEEDDAF206444FE00F0DDAE /* SignInViewController.swift */ = {isa = PBXFileReference; lastKnownFileType = sourcecode.swift; path = SignInViewController.swift; sourceTree = "<group>"; };
		9FEEDDB2206444FE00F0DDAE /* Base */ = {isa = PBXFileReference; lastKnownFileType = file.storyboard; name = Base; path = Base.lproj/Main.storyboard; sourceTree = "<group>"; };
		9FEEDDB4206444FE00F0DDAE /* Assets.xcassets */ = {isa = PBXFileReference; lastKnownFileType = folder.assetcatalog; path = Assets.xcassets; sourceTree = "<group>"; };
		9FEEDDB7206444FF00F0DDAE /* Base */ = {isa = PBXFileReference; lastKnownFileType = file.storyboard; name = Base; path = Base.lproj/LaunchScreen.storyboard; sourceTree = "<group>"; };
		9FEEDDB9206444FF00F0DDAE /* Info.plist */ = {isa = PBXFileReference; lastKnownFileType = text.plist.xml; path = Info.plist; sourceTree = "<group>"; };
		9FEEDDBE206444FF00F0DDAE /* EpitechEisenhowerTests.xctest */ = {isa = PBXFileReference; explicitFileType = wrapper.cfbundle; includeInIndex = 0; path = EpitechEisenhowerTests.xctest; sourceTree = BUILT_PRODUCTS_DIR; };
		9FEEDDC2206444FF00F0DDAE /* EpitechEisenhowerTests.swift */ = {isa = PBXFileReference; lastKnownFileType = sourcecode.swift; path = EpitechEisenhowerTests.swift; sourceTree = "<group>"; };
		9FEEDDC4206444FF00F0DDAE /* Info.plist */ = {isa = PBXFileReference; lastKnownFileType = text.plist.xml; path = Info.plist; sourceTree = "<group>"; };
		B17F50435E73C81517598F48 /* Pods-EpitechEisenhower.release.xcconfig */ = {isa = PBXFileReference; includeInIndex = 1; lastKnownFileType = text.xcconfig; name = "Pods-EpitechEisenhower.release.xcconfig"; path = "Pods/Target Support Files/Pods-EpitechEisenhower/Pods-EpitechEisenhower.release.xcconfig"; sourceTree = "<group>"; };
		E31D2834206FF93E00C2C70F /* ImportantIcon@3x.png */ = {isa = PBXFileReference; lastKnownFileType = image.png; path = "ImportantIcon@3x.png"; sourceTree = "<group>"; };
		E31D2835206FF93E00C2C70F /* ImportantIcon.png */ = {isa = PBXFileReference; lastKnownFileType = image.png; path = ImportantIcon.png; sourceTree = "<group>"; };
		E31D2836206FF93E00C2C70F /* Contents.json */ = {isa = PBXFileReference; fileEncoding = 4; lastKnownFileType = text.json; path = Contents.json; sourceTree = "<group>"; };
		E31D2837206FF93E00C2C70F /* ImportantIcon@2x.png */ = {isa = PBXFileReference; lastKnownFileType = image.png; path = "ImportantIcon@2x.png"; sourceTree = "<group>"; };
		E31D2839206FF93E00C2C70F /* ProfileIcon@2x.png */ = {isa = PBXFileReference; lastKnownFileType = image.png; path = "ProfileIcon@2x.png"; sourceTree = "<group>"; };
		E31D283A206FF93E00C2C70F /* ProfileIcon@3x.png */ = {isa = PBXFileReference; lastKnownFileType = image.png; path = "ProfileIcon@3x.png"; sourceTree = "<group>"; };
		E31D283B206FF93E00C2C70F /* Contents.json */ = {isa = PBXFileReference; fileEncoding = 4; lastKnownFileType = text.json; path = Contents.json; sourceTree = "<group>"; };
		E31D283C206FF93E00C2C70F /* ProfileIcon.png */ = {isa = PBXFileReference; lastKnownFileType = image.png; path = ProfileIcon.png; sourceTree = "<group>"; };
		E31D283E206FF93E00C2C70F /* FBButton@3x.png */ = {isa = PBXFileReference; lastKnownFileType = image.png; path = "FBButton@3x.png"; sourceTree = "<group>"; };
		E31D283F206FF93E00C2C70F /* Contents.json */ = {isa = PBXFileReference; fileEncoding = 4; lastKnownFileType = text.json; path = Contents.json; sourceTree = "<group>"; };
		E31D2840206FF93E00C2C70F /* FBButton@2x.png */ = {isa = PBXFileReference; lastKnownFileType = image.png; path = "FBButton@2x.png"; sourceTree = "<group>"; };
		E31D2841206FF93E00C2C70F /* FBButton.png */ = {isa = PBXFileReference; lastKnownFileType = image.png; path = FBButton.png; sourceTree = "<group>"; };
		E31D2843206FF93E00C2C70F /* UrgentIcon@2x.png */ = {isa = PBXFileReference; lastKnownFileType = image.png; path = "UrgentIcon@2x.png"; sourceTree = "<group>"; };
		E31D2844206FF93E00C2C70F /* UrgentIcon@3x.png */ = {isa = PBXFileReference; lastKnownFileType = image.png; path = "UrgentIcon@3x.png"; sourceTree = "<group>"; };
		E31D2845206FF93E00C2C70F /* UrgentIcon.png */ = {isa = PBXFileReference; lastKnownFileType = image.png; path = UrgentIcon.png; sourceTree = "<group>"; };
		E31D2846206FF93E00C2C70F /* Contents.json */ = {isa = PBXFileReference; fileEncoding = 4; lastKnownFileType = text.json; path = Contents.json; sourceTree = "<group>"; };
		E31D2848206FF93F00C2C70F /* important.png */ = {isa = PBXFileReference; lastKnownFileType = image.png; path = important.png; sourceTree = "<group>"; };
		E31D2849206FF93F00C2C70F /* Contents.json */ = {isa = PBXFileReference; fileEncoding = 4; lastKnownFileType = text.json; path = Contents.json; sourceTree = "<group>"; };
		E31D284A206FF93F00C2C70F /* important@3x.png */ = {isa = PBXFileReference; lastKnownFileType = image.png; path = "important@3x.png"; sourceTree = "<group>"; };
		E31D284B206FF93F00C2C70F /* important@2x.png */ = {isa = PBXFileReference; lastKnownFileType = image.png; path = "important@2x.png"; sourceTree = "<group>"; };
		E31D284D206FF93F00C2C70F /* AddShare@2x.png */ = {isa = PBXFileReference; lastKnownFileType = image.png; path = "AddShare@2x.png"; sourceTree = "<group>"; };
		E31D284E206FF93F00C2C70F /* AddShare@3x.png */ = {isa = PBXFileReference; lastKnownFileType = image.png; path = "AddShare@3x.png"; sourceTree = "<group>"; };
		E31D284F206FF93F00C2C70F /* AddShare.png */ = {isa = PBXFileReference; lastKnownFileType = image.png; path = AddShare.png; sourceTree = "<group>"; };
		E31D2850206FF93F00C2C70F /* Contents.json */ = {isa = PBXFileReference; fileEncoding = 4; lastKnownFileType = text.json; path = Contents.json; sourceTree = "<group>"; };
		E31D2852206FF93F00C2C70F /* Contents.json */ = {isa = PBXFileReference; fileEncoding = 4; lastKnownFileType = text.json; path = Contents.json; sourceTree = "<group>"; };
		E31D2853206FF93F00C2C70F /* AddTask.png */ = {isa = PBXFileReference; lastKnownFileType = image.png; path = AddTask.png; sourceTree = "<group>"; };
		E31D2854206FF93F00C2C70F /* AddTask@3x.png */ = {isa = PBXFileReference; lastKnownFileType = image.png; path = "AddTask@3x.png"; sourceTree = "<group>"; };
		E31D2855206FF93F00C2C70F /* AddTask@2x.png */ = {isa = PBXFileReference; lastKnownFileType = image.png; path = "AddTask@2x.png"; sourceTree = "<group>"; };
		E31D2857206FF93F00C2C70F /* GoogleButton@3x.png */ = {isa = PBXFileReference; lastKnownFileType = image.png; path = "GoogleButton@3x.png"; sourceTree = "<group>"; };
		E31D2858206FF93F00C2C70F /* GoogleButton@2x.png */ = {isa = PBXFileReference; lastKnownFileType = image.png; path = "GoogleButton@2x.png"; sourceTree = "<group>"; };
		E31D2859206FF93F00C2C70F /* Contents.json */ = {isa = PBXFileReference; fileEncoding = 4; lastKnownFileType = text.json; path = Contents.json; sourceTree = "<group>"; };
		E31D285A206FF93F00C2C70F /* GoogleButton.png */ = {isa = PBXFileReference; lastKnownFileType = image.png; path = GoogleButton.png; sourceTree = "<group>"; };
		E31D285C206FF93F00C2C70F /* Contents.json */ = {isa = PBXFileReference; fileEncoding = 4; lastKnownFileType = text.json; path = Contents.json; sourceTree = "<group>"; };
		E31D287E20700B3C00C2C70F /* CustomNavBarController.swift */ = {isa = PBXFileReference; lastKnownFileType = sourcecode.swift; path = CustomNavBarController.swift; sourceTree = "<group>"; };
/* End PBXFileReference section */

/* Begin PBXFrameworksBuildPhase section */
		9FEEDDA7206444FE00F0DDAE /* Frameworks */ = {
			isa = PBXFrameworksBuildPhase;
			buildActionMask = 2147483647;
			files = (
				D00D0BA86A2897AEFF2BB84A /* Pods_EpitechEisenhower.framework in Frameworks */,
			);
			runOnlyForDeploymentPostprocessing = 0;
		};
		9FEEDDBB206444FF00F0DDAE /* Frameworks */ = {
			isa = PBXFrameworksBuildPhase;
			buildActionMask = 2147483647;
			files = (
			);
			runOnlyForDeploymentPostprocessing = 0;
		};
/* End PBXFrameworksBuildPhase section */

/* Begin PBXGroup section */
		44079E32E57AC8EB67C9980F /* Frameworks */ = {
			isa = PBXGroup;
			children = (
				5A88F3033DDB0B0E35390C5B /* Pods_EpitechEisenhower.framework */,
			);
			name = Frameworks;
			sourceTree = "<group>";
		};
		5AB30165F781DA5D797EDFDC /* Pods */ = {
			isa = PBXGroup;
			children = (
				680EC0C3689B044EDA25D934 /* Pods-EpitechEisenhower.debug.xcconfig */,
				B17F50435E73C81517598F48 /* Pods-EpitechEisenhower.release.xcconfig */,
			);
			name = Pods;
			sourceTree = "<group>";
		};
		9F061C89206BF9BD00F490EB /* Auth */ = {
			isa = PBXGroup;
			children = (
				9F061C8C206BFB7700F490EB /* EpitechEisenhowerAuthProtocol.swift */,
				9F061C8E206BFBB400F490EB /* EpitechEisenhowerAuth.swift */,
			);
			path = Auth;
			sourceTree = "<group>";
		};
		9F061C8A206BF9C700F490EB /* Helper */ = {
			isa = PBXGroup;
			children = (
				9F061C90206C164E00F490EB /* StringExtension.swift */,
			);
			path = Helper;
			sourceTree = "<group>";
		};
		9F061C8B206BF9D100F490EB /* Controller */ = {
			isa = PBXGroup;
			children = (
				9FEEDDAF206444FE00F0DDAE /* SignInViewController.swift */,
				9F061C94206F88B700F490EB /* CreateAccountViewController.swift */,
				9F061C96206F929200F490EB /* HomeViewController.swift */,
				E31D287E20700B3C00C2C70F /* CustomNavBarController.swift */,
			);
			path = Controller;
			sourceTree = "<group>";
		};
		9F061C98206F969E00F490EB /* Core */ = {
			isa = PBXGroup;
			children = (
				9F061C99206F96B200F490EB /* TaskEntity.swift */,
				9F061C9B206F96DA00F490EB /* Entity.swift */,
				9F061C9D206F986500F490EB /* UserEntity.swift */,
			);
			path = Core;
			sourceTree = "<group>";
		};
		9FEEDDA1206444FD00F0DDAE = {
			isa = PBXGroup;
			children = (
				9FEEDDAC206444FE00F0DDAE /* EpitechEisenhower */,
				9FEEDDC1206444FF00F0DDAE /* EpitechEisenhowerTests */,
				9FEEDDAB206444FE00F0DDAE /* Products */,
				5AB30165F781DA5D797EDFDC /* Pods */,
				44079E32E57AC8EB67C9980F /* Frameworks */,
			);
			sourceTree = "<group>";
		};
		9FEEDDAB206444FE00F0DDAE /* Products */ = {
			isa = PBXGroup;
			children = (
				9FEEDDAA206444FE00F0DDAE /* EpitechEisenhower.app */,
				9FEEDDBE206444FF00F0DDAE /* EpitechEisenhowerTests.xctest */,
			);
			name = Products;
			sourceTree = "<group>";
		};
		9FEEDDAC206444FE00F0DDAE /* EpitechEisenhower */ = {
			isa = PBXGroup;
			children = (
				E31D2781206FEE4200C2C70F /* Assets */,
				9F061C98206F969E00F490EB /* Core */,
				9F061C8B206BF9D100F490EB /* Controller */,
				9F061C8A206BF9C700F490EB /* Helper */,
				9F061C89206BF9BD00F490EB /* Auth */,
				9FEEDDAD206444FE00F0DDAE /* AppDelegate.swift */,
				9FEEDDB1206444FE00F0DDAE /* Main.storyboard */,
				9FEEDDB4206444FE00F0DDAE /* Assets.xcassets */,
				9FEEDDB6206444FF00F0DDAE /* LaunchScreen.storyboard */,
				9FEEDDB9206444FF00F0DDAE /* Info.plist */,
				9F061C92206C209600F490EB /* GoogleService-Info.plist */,
			);
			path = EpitechEisenhower;
			sourceTree = "<group>";
		};
		9FEEDDC1206444FF00F0DDAE /* EpitechEisenhowerTests */ = {
			isa = PBXGroup;
			children = (
				9FEEDDC2206444FF00F0DDAE /* EpitechEisenhowerTests.swift */,
				9FEEDDC4206444FF00F0DDAE /* Info.plist */,
			);
			path = EpitechEisenhowerTests;
			sourceTree = "<group>";
		};
		E31D2781206FEE4200C2C70F /* Assets */ = {
			isa = PBXGroup;
			children = (
				E31D284C206FF93F00C2C70F /* AddShare.imageset */,
				E31D2851206FF93F00C2C70F /* AddTask.imageset */,
				E31D285B206FF93F00C2C70F /* AppIcon.appiconset */,
				E31D283D206FF93E00C2C70F /* FBButton.imageset */,
				E31D2856206FF93F00C2C70F /* GoogleButton.imageset */,
				E31D2847206FF93F00C2C70F /* important.imageset */,
				E31D2833206FF93E00C2C70F /* ImportantIcon.imageset */,
				E31D2838206FF93E00C2C70F /* ProfileIcon.imageset */,
				E31D2842206FF93E00C2C70F /* UrgentIcon.imageset */,
			);
			path = Assets;
			sourceTree = "<group>";
		};
		E31D2833206FF93E00C2C70F /* ImportantIcon.imageset */ = {
			isa = PBXGroup;
			children = (
				E31D2834206FF93E00C2C70F /* ImportantIcon@3x.png */,
				E31D2835206FF93E00C2C70F /* ImportantIcon.png */,
				E31D2836206FF93E00C2C70F /* Contents.json */,
				E31D2837206FF93E00C2C70F /* ImportantIcon@2x.png */,
			);
			path = ImportantIcon.imageset;
			sourceTree = "<group>";
		};
		E31D2838206FF93E00C2C70F /* ProfileIcon.imageset */ = {
			isa = PBXGroup;
			children = (
				E31D2839206FF93E00C2C70F /* ProfileIcon@2x.png */,
				E31D283A206FF93E00C2C70F /* ProfileIcon@3x.png */,
				E31D283B206FF93E00C2C70F /* Contents.json */,
				E31D283C206FF93E00C2C70F /* ProfileIcon.png */,
			);
			path = ProfileIcon.imageset;
			sourceTree = "<group>";
		};
		E31D283D206FF93E00C2C70F /* FBButton.imageset */ = {
			isa = PBXGroup;
			children = (
				E31D283E206FF93E00C2C70F /* FBButton@3x.png */,
				E31D283F206FF93E00C2C70F /* Contents.json */,
				E31D2840206FF93E00C2C70F /* FBButton@2x.png */,
				E31D2841206FF93E00C2C70F /* FBButton.png */,
			);
			path = FBButton.imageset;
			sourceTree = "<group>";
		};
		E31D2842206FF93E00C2C70F /* UrgentIcon.imageset */ = {
			isa = PBXGroup;
			children = (
				E31D2843206FF93E00C2C70F /* UrgentIcon@2x.png */,
				E31D2844206FF93E00C2C70F /* UrgentIcon@3x.png */,
				E31D2845206FF93E00C2C70F /* UrgentIcon.png */,
				E31D2846206FF93E00C2C70F /* Contents.json */,
			);
			path = UrgentIcon.imageset;
			sourceTree = "<group>";
		};
		E31D2847206FF93F00C2C70F /* important.imageset */ = {
			isa = PBXGroup;
			children = (
				E31D2848206FF93F00C2C70F /* important.png */,
				E31D2849206FF93F00C2C70F /* Contents.json */,
				E31D284A206FF93F00C2C70F /* important@3x.png */,
				E31D284B206FF93F00C2C70F /* important@2x.png */,
			);
			path = important.imageset;
			sourceTree = "<group>";
		};
		E31D284C206FF93F00C2C70F /* AddShare.imageset */ = {
			isa = PBXGroup;
			children = (
				E31D284D206FF93F00C2C70F /* AddShare@2x.png */,
				E31D284E206FF93F00C2C70F /* AddShare@3x.png */,
				E31D284F206FF93F00C2C70F /* AddShare.png */,
				E31D2850206FF93F00C2C70F /* Contents.json */,
			);
			path = AddShare.imageset;
			sourceTree = "<group>";
		};
		E31D2851206FF93F00C2C70F /* AddTask.imageset */ = {
			isa = PBXGroup;
			children = (
				E31D2852206FF93F00C2C70F /* Contents.json */,
				E31D2853206FF93F00C2C70F /* AddTask.png */,
				E31D2854206FF93F00C2C70F /* AddTask@3x.png */,
				E31D2855206FF93F00C2C70F /* AddTask@2x.png */,
			);
			path = AddTask.imageset;
			sourceTree = "<group>";
		};
		E31D2856206FF93F00C2C70F /* GoogleButton.imageset */ = {
			isa = PBXGroup;
			children = (
				E31D2857206FF93F00C2C70F /* GoogleButton@3x.png */,
				E31D2858206FF93F00C2C70F /* GoogleButton@2x.png */,
				E31D2859206FF93F00C2C70F /* Contents.json */,
				E31D285A206FF93F00C2C70F /* GoogleButton.png */,
			);
			path = GoogleButton.imageset;
			sourceTree = "<group>";
		};
		E31D285B206FF93F00C2C70F /* AppIcon.appiconset */ = {
			isa = PBXGroup;
			children = (
				E31D285C206FF93F00C2C70F /* Contents.json */,
			);
			path = AppIcon.appiconset;
			sourceTree = "<group>";
		};
/* End PBXGroup section */

/* Begin PBXNativeTarget section */
		9FEEDDA9206444FE00F0DDAE /* EpitechEisenhower */ = {
			isa = PBXNativeTarget;
			buildConfigurationList = 9FEEDDC7206444FF00F0DDAE /* Build configuration list for PBXNativeTarget "EpitechEisenhower" */;
			buildPhases = (
				A49B3A95241D43B86328C762 /* [CP] Check Pods Manifest.lock */,
				9FEEDDA6206444FE00F0DDAE /* Sources */,
				9FEEDDA7206444FE00F0DDAE /* Frameworks */,
				9FEEDDA8206444FE00F0DDAE /* Resources */,
				4965BEDF23327F110DEDC20F /* [CP] Embed Pods Frameworks */,
				9B8A9AFE4A7EA9FE36B30E2A /* [CP] Copy Pods Resources */,
			);
			buildRules = (
			);
			dependencies = (
			);
			name = EpitechEisenhower;
			productName = EpitechEisenhower;
			productReference = 9FEEDDAA206444FE00F0DDAE /* EpitechEisenhower.app */;
			productType = "com.apple.product-type.application";
		};
		9FEEDDBD206444FF00F0DDAE /* EpitechEisenhowerTests */ = {
			isa = PBXNativeTarget;
			buildConfigurationList = 9FEEDDCA206444FF00F0DDAE /* Build configuration list for PBXNativeTarget "EpitechEisenhowerTests" */;
			buildPhases = (
				9FEEDDBA206444FF00F0DDAE /* Sources */,
				9FEEDDBB206444FF00F0DDAE /* Frameworks */,
				9FEEDDBC206444FF00F0DDAE /* Resources */,
			);
			buildRules = (
			);
			dependencies = (
				9FEEDDC0206444FF00F0DDAE /* PBXTargetDependency */,
			);
			name = EpitechEisenhowerTests;
			productName = EpitechEisenhowerTests;
			productReference = 9FEEDDBE206444FF00F0DDAE /* EpitechEisenhowerTests.xctest */;
			productType = "com.apple.product-type.bundle.unit-test";
		};
/* End PBXNativeTarget section */

/* Begin PBXProject section */
		9FEEDDA2206444FD00F0DDAE /* Project object */ = {
			isa = PBXProject;
			attributes = {
				LastSwiftUpdateCheck = 0920;
				LastUpgradeCheck = 0920;
				ORGANIZATIONNAME = "Teddy Carneiro";
				TargetAttributes = {
					9FEEDDA9206444FE00F0DDAE = {
						CreatedOnToolsVersion = 9.2;
						ProvisioningStyle = Automatic;
					};
					9FEEDDBD206444FF00F0DDAE = {
						CreatedOnToolsVersion = 9.2;
						ProvisioningStyle = Automatic;
						TestTargetID = 9FEEDDA9206444FE00F0DDAE;
					};
				};
			};
			buildConfigurationList = 9FEEDDA5206444FD00F0DDAE /* Build configuration list for PBXProject "EpitechEisenhower" */;
			compatibilityVersion = "Xcode 8.0";
			developmentRegion = en;
			hasScannedForEncodings = 0;
			knownRegions = (
				en,
				Base,
			);
			mainGroup = 9FEEDDA1206444FD00F0DDAE;
			productRefGroup = 9FEEDDAB206444FE00F0DDAE /* Products */;
			projectDirPath = "";
			projectRoot = "";
			targets = (
				9FEEDDA9206444FE00F0DDAE /* EpitechEisenhower */,
				9FEEDDBD206444FF00F0DDAE /* EpitechEisenhowerTests */,
			);
		};
/* End PBXProject section */

/* Begin PBXResourcesBuildPhase section */
		9FEEDDA8206444FE00F0DDAE /* Resources */ = {
			isa = PBXResourcesBuildPhase;
			buildActionMask = 2147483647;
			files = (
				E31D2860206FF93F00C2C70F /* ImportantIcon@2x.png in Resources */,
				E31D2879206FF94000C2C70F /* GoogleButton@3x.png in Resources */,
				E31D287D206FF94000C2C70F /* Contents.json in Resources */,
				9FEEDDB8206444FF00F0DDAE /* LaunchScreen.storyboard in Resources */,
				E31D287A206FF94000C2C70F /* GoogleButton@2x.png in Resources */,
				E31D2873206FF94000C2C70F /* AddShare.png in Resources */,
				E31D286D206FF94000C2C70F /* important.png in Resources */,
				E31D2872206FF94000C2C70F /* AddShare@3x.png in Resources */,
				9F061C93206C209600F490EB /* GoogleService-Info.plist in Resources */,
				E31D2868206FF94000C2C70F /* FBButton.png in Resources */,
				E31D2878206FF94000C2C70F /* AddTask@2x.png in Resources */,
				E31D2867206FF94000C2C70F /* FBButton@2x.png in Resources */,
				E31D2871206FF94000C2C70F /* AddShare@2x.png in Resources */,
				E31D285D206FF93F00C2C70F /* ImportantIcon@3x.png in Resources */,
				E31D286F206FF94000C2C70F /* important@3x.png in Resources */,
				E31D2875206FF94000C2C70F /* Contents.json in Resources */,
				E31D2864206FF94000C2C70F /* ProfileIcon.png in Resources */,
				9FEEDDB5206444FE00F0DDAE /* Assets.xcassets in Resources */,
				E31D286E206FF94000C2C70F /* Contents.json in Resources */,
				E31D2870206FF94000C2C70F /* important@2x.png in Resources */,
				9FEEDDB3206444FE00F0DDAE /* Main.storyboard in Resources */,
				E31D287B206FF94000C2C70F /* Contents.json in Resources */,
				E31D285E206FF93F00C2C70F /* ImportantIcon.png in Resources */,
				E31D2865206FF94000C2C70F /* FBButton@3x.png in Resources */,
				E31D286A206FF94000C2C70F /* UrgentIcon@3x.png in Resources */,
				E31D287C206FF94000C2C70F /* GoogleButton.png in Resources */,
				E31D286B206FF94000C2C70F /* UrgentIcon.png in Resources */,
				E31D2861206FF93F00C2C70F /* ProfileIcon@2x.png in Resources */,
				E31D2862206FF93F00C2C70F /* ProfileIcon@3x.png in Resources */,
				E31D286C206FF94000C2C70F /* Contents.json in Resources */,
				E31D2863206FF94000C2C70F /* Contents.json in Resources */,
				E31D285F206FF93F00C2C70F /* Contents.json in Resources */,
				E31D2876206FF94000C2C70F /* AddTask.png in Resources */,
				E31D2866206FF94000C2C70F /* Contents.json in Resources */,
				E31D2877206FF94000C2C70F /* AddTask@3x.png in Resources */,
				E31D2869206FF94000C2C70F /* UrgentIcon@2x.png in Resources */,
				E31D2874206FF94000C2C70F /* Contents.json in Resources */,
			);
			runOnlyForDeploymentPostprocessing = 0;
		};
		9FEEDDBC206444FF00F0DDAE /* Resources */ = {
			isa = PBXResourcesBuildPhase;
			buildActionMask = 2147483647;
			files = (
			);
			runOnlyForDeploymentPostprocessing = 0;
		};
/* End PBXResourcesBuildPhase section */

/* Begin PBXShellScriptBuildPhase section */
		4965BEDF23327F110DEDC20F /* [CP] Embed Pods Frameworks */ = {
			isa = PBXShellScriptBuildPhase;
			buildActionMask = 2147483647;
			files = (
			);
			inputPaths = (
				"${SRCROOT}/Pods/Target Support Files/Pods-EpitechEisenhower/Pods-EpitechEisenhower-frameworks.sh",
				"${BUILT_PRODUCTS_DIR}/Alamofire/Alamofire.framework",
				"${BUILT_PRODUCTS_DIR}/GTMSessionFetcher/GTMSessionFetcher.framework",
				"${BUILT_PRODUCTS_DIR}/GoogleToolboxForMac/GoogleToolboxForMac.framework",
				"${BUILT_PRODUCTS_DIR}/RxCocoa/RxCocoa.framework",
				"${BUILT_PRODUCTS_DIR}/RxSwift/RxSwift.framework",
				"${BUILT_PRODUCTS_DIR}/nanopb/nanopb.framework",
			);
			name = "[CP] Embed Pods Frameworks";
			outputPaths = (
				"${TARGET_BUILD_DIR}/${FRAMEWORKS_FOLDER_PATH}/Alamofire.framework",
				"${TARGET_BUILD_DIR}/${FRAMEWORKS_FOLDER_PATH}/GTMSessionFetcher.framework",
				"${TARGET_BUILD_DIR}/${FRAMEWORKS_FOLDER_PATH}/GoogleToolboxForMac.framework",
				"${TARGET_BUILD_DIR}/${FRAMEWORKS_FOLDER_PATH}/RxCocoa.framework",
				"${TARGET_BUILD_DIR}/${FRAMEWORKS_FOLDER_PATH}/RxSwift.framework",
				"${TARGET_BUILD_DIR}/${FRAMEWORKS_FOLDER_PATH}/nanopb.framework",
			);
			runOnlyForDeploymentPostprocessing = 0;
			shellPath = /bin/sh;
			shellScript = "\"${SRCROOT}/Pods/Target Support Files/Pods-EpitechEisenhower/Pods-EpitechEisenhower-frameworks.sh\"\n";
			showEnvVarsInLog = 0;
		};
		9B8A9AFE4A7EA9FE36B30E2A /* [CP] Copy Pods Resources */ = {
			isa = PBXShellScriptBuildPhase;
			buildActionMask = 2147483647;
			files = (
			);
			inputPaths = (
			);
			name = "[CP] Copy Pods Resources";
			outputPaths = (
			);
			runOnlyForDeploymentPostprocessing = 0;
			shellPath = /bin/sh;
			shellScript = "\"${SRCROOT}/Pods/Target Support Files/Pods-EpitechEisenhower/Pods-EpitechEisenhower-resources.sh\"\n";
			showEnvVarsInLog = 0;
		};
		A49B3A95241D43B86328C762 /* [CP] Check Pods Manifest.lock */ = {
			isa = PBXShellScriptBuildPhase;
			buildActionMask = 2147483647;
			files = (
			);
			inputPaths = (
				"${PODS_PODFILE_DIR_PATH}/Podfile.lock",
				"${PODS_ROOT}/Manifest.lock",
			);
			name = "[CP] Check Pods Manifest.lock";
			outputPaths = (
				"$(DERIVED_FILE_DIR)/Pods-EpitechEisenhower-checkManifestLockResult.txt",
			);
			runOnlyForDeploymentPostprocessing = 0;
			shellPath = /bin/sh;
			shellScript = "diff \"${PODS_PODFILE_DIR_PATH}/Podfile.lock\" \"${PODS_ROOT}/Manifest.lock\" > /dev/null\nif [ $? != 0 ] ; then\n    # print error to STDERR\n    echo \"error: The sandbox is not in sync with the Podfile.lock. Run 'pod install' or update your CocoaPods installation.\" >&2\n    exit 1\nfi\n# This output is used by Xcode 'outputs' to avoid re-running this script phase.\necho \"SUCCESS\" > \"${SCRIPT_OUTPUT_FILE_0}\"\n";
			showEnvVarsInLog = 0;
		};
/* End PBXShellScriptBuildPhase section */

/* Begin PBXSourcesBuildPhase section */
		9FEEDDA6206444FE00F0DDAE /* Sources */ = {
			isa = PBXSourcesBuildPhase;
			buildActionMask = 2147483647;
			files = (
				9F061C95206F88B700F490EB /* CreateAccountViewController.swift in Sources */,
				9FEEDDB0206444FE00F0DDAE /* SignInViewController.swift in Sources */,
				9F061C91206C164E00F490EB /* StringExtension.swift in Sources */,
				9F061C9E206F986500F490EB /* UserEntity.swift in Sources */,
				9F061C9A206F96B200F490EB /* TaskEntity.swift in Sources */,
				9FEEDDAE206444FE00F0DDAE /* AppDelegate.swift in Sources */,
				9F061C9C206F96DA00F490EB /* Entity.swift in Sources */,
				9F061C8D206BFB7700F490EB /* EpitechEisenhowerAuthProtocol.swift in Sources */,
				9F061C97206F929200F490EB /* HomeViewController.swift in Sources */,
				9F061C8F206BFBB400F490EB /* EpitechEisenhowerAuth.swift in Sources */,
				E31D287F20700B3C00C2C70F /* CustomNavBarController.swift in Sources */,
			);
			runOnlyForDeploymentPostprocessing = 0;
		};
		9FEEDDBA206444FF00F0DDAE /* Sources */ = {
			isa = PBXSourcesBuildPhase;
			buildActionMask = 2147483647;
			files = (
				9FEEDDC3206444FF00F0DDAE /* EpitechEisenhowerTests.swift in Sources */,
			);
			runOnlyForDeploymentPostprocessing = 0;
		};
/* End PBXSourcesBuildPhase section */

/* Begin PBXTargetDependency section */
		9FEEDDC0206444FF00F0DDAE /* PBXTargetDependency */ = {
			isa = PBXTargetDependency;
			target = 9FEEDDA9206444FE00F0DDAE /* EpitechEisenhower */;
			targetProxy = 9FEEDDBF206444FF00F0DDAE /* PBXContainerItemProxy */;
		};
/* End PBXTargetDependency section */

/* Begin PBXVariantGroup section */
		9FEEDDB1206444FE00F0DDAE /* Main.storyboard */ = {
			isa = PBXVariantGroup;
			children = (
				9FEEDDB2206444FE00F0DDAE /* Base */,
			);
			name = Main.storyboard;
			sourceTree = "<group>";
		};
		9FEEDDB6206444FF00F0DDAE /* LaunchScreen.storyboard */ = {
			isa = PBXVariantGroup;
			children = (
				9FEEDDB7206444FF00F0DDAE /* Base */,
			);
			name = LaunchScreen.storyboard;
			sourceTree = "<group>";
		};
/* End PBXVariantGroup section */

/* Begin XCBuildConfiguration section */
		9FEEDDC5206444FF00F0DDAE /* Debug */ = {
			isa = XCBuildConfiguration;
			buildSettings = {
				ALWAYS_SEARCH_USER_PATHS = NO;
				CLANG_ANALYZER_NONNULL = YES;
				CLANG_ANALYZER_NUMBER_OBJECT_CONVERSION = YES_AGGRESSIVE;
				CLANG_CXX_LANGUAGE_STANDARD = "gnu++14";
				CLANG_CXX_LIBRARY = "libc++";
				CLANG_ENABLE_MODULES = YES;
				CLANG_ENABLE_OBJC_ARC = YES;
				CLANG_WARN_BLOCK_CAPTURE_AUTORELEASING = YES;
				CLANG_WARN_BOOL_CONVERSION = YES;
				CLANG_WARN_COMMA = YES;
				CLANG_WARN_CONSTANT_CONVERSION = YES;
				CLANG_WARN_DIRECT_OBJC_ISA_USAGE = YES_ERROR;
				CLANG_WARN_DOCUMENTATION_COMMENTS = YES;
				CLANG_WARN_EMPTY_BODY = YES;
				CLANG_WARN_ENUM_CONVERSION = YES;
				CLANG_WARN_INFINITE_RECURSION = YES;
				CLANG_WARN_INT_CONVERSION = YES;
				CLANG_WARN_NON_LITERAL_NULL_CONVERSION = YES;
				CLANG_WARN_OBJC_LITERAL_CONVERSION = YES;
				CLANG_WARN_OBJC_ROOT_CLASS = YES_ERROR;
				CLANG_WARN_RANGE_LOOP_ANALYSIS = YES;
				CLANG_WARN_STRICT_PROTOTYPES = YES;
				CLANG_WARN_SUSPICIOUS_MOVE = YES;
				CLANG_WARN_UNGUARDED_AVAILABILITY = YES_AGGRESSIVE;
				CLANG_WARN_UNREACHABLE_CODE = YES;
				CLANG_WARN__DUPLICATE_METHOD_MATCH = YES;
				CODE_SIGN_IDENTITY = "iPhone Developer";
				COPY_PHASE_STRIP = NO;
				DEBUG_INFORMATION_FORMAT = dwarf;
				ENABLE_STRICT_OBJC_MSGSEND = YES;
				ENABLE_TESTABILITY = YES;
				GCC_C_LANGUAGE_STANDARD = gnu11;
				GCC_DYNAMIC_NO_PIC = NO;
				GCC_NO_COMMON_BLOCKS = YES;
				GCC_OPTIMIZATION_LEVEL = 0;
				GCC_PREPROCESSOR_DEFINITIONS = (
					"DEBUG=1",
					"$(inherited)",
				);
				GCC_WARN_64_TO_32_BIT_CONVERSION = YES;
				GCC_WARN_ABOUT_RETURN_TYPE = YES_ERROR;
				GCC_WARN_UNDECLARED_SELECTOR = YES;
				GCC_WARN_UNINITIALIZED_AUTOS = YES_AGGRESSIVE;
				GCC_WARN_UNUSED_FUNCTION = YES;
				GCC_WARN_UNUSED_VARIABLE = YES;
				IPHONEOS_DEPLOYMENT_TARGET = 11.2;
				MTL_ENABLE_DEBUG_INFO = YES;
				ONLY_ACTIVE_ARCH = YES;
				SDKROOT = iphoneos;
				SWIFT_ACTIVE_COMPILATION_CONDITIONS = DEBUG;
				SWIFT_OPTIMIZATION_LEVEL = "-Onone";
			};
			name = Debug;
		};
		9FEEDDC6206444FF00F0DDAE /* Release */ = {
			isa = XCBuildConfiguration;
			buildSettings = {
				ALWAYS_SEARCH_USER_PATHS = NO;
				CLANG_ANALYZER_NONNULL = YES;
				CLANG_ANALYZER_NUMBER_OBJECT_CONVERSION = YES_AGGRESSIVE;
				CLANG_CXX_LANGUAGE_STANDARD = "gnu++14";
				CLANG_CXX_LIBRARY = "libc++";
				CLANG_ENABLE_MODULES = YES;
				CLANG_ENABLE_OBJC_ARC = YES;
				CLANG_WARN_BLOCK_CAPTURE_AUTORELEASING = YES;
				CLANG_WARN_BOOL_CONVERSION = YES;
				CLANG_WARN_COMMA = YES;
				CLANG_WARN_CONSTANT_CONVERSION = YES;
				CLANG_WARN_DIRECT_OBJC_ISA_USAGE = YES_ERROR;
				CLANG_WARN_DOCUMENTATION_COMMENTS = YES;
				CLANG_WARN_EMPTY_BODY = YES;
				CLANG_WARN_ENUM_CONVERSION = YES;
				CLANG_WARN_INFINITE_RECURSION = YES;
				CLANG_WARN_INT_CONVERSION = YES;
				CLANG_WARN_NON_LITERAL_NULL_CONVERSION = YES;
				CLANG_WARN_OBJC_LITERAL_CONVERSION = YES;
				CLANG_WARN_OBJC_ROOT_CLASS = YES_ERROR;
				CLANG_WARN_RANGE_LOOP_ANALYSIS = YES;
				CLANG_WARN_STRICT_PROTOTYPES = YES;
				CLANG_WARN_SUSPICIOUS_MOVE = YES;
				CLANG_WARN_UNGUARDED_AVAILABILITY = YES_AGGRESSIVE;
				CLANG_WARN_UNREACHABLE_CODE = YES;
				CLANG_WARN__DUPLICATE_METHOD_MATCH = YES;
				CODE_SIGN_IDENTITY = "iPhone Developer";
				COPY_PHASE_STRIP = NO;
				DEBUG_INFORMATION_FORMAT = "dwarf-with-dsym";
				ENABLE_NS_ASSERTIONS = NO;
				ENABLE_STRICT_OBJC_MSGSEND = YES;
				GCC_C_LANGUAGE_STANDARD = gnu11;
				GCC_NO_COMMON_BLOCKS = YES;
				GCC_WARN_64_TO_32_BIT_CONVERSION = YES;
				GCC_WARN_ABOUT_RETURN_TYPE = YES_ERROR;
				GCC_WARN_UNDECLARED_SELECTOR = YES;
				GCC_WARN_UNINITIALIZED_AUTOS = YES_AGGRESSIVE;
				GCC_WARN_UNUSED_FUNCTION = YES;
				GCC_WARN_UNUSED_VARIABLE = YES;
				IPHONEOS_DEPLOYMENT_TARGET = 11.2;
				MTL_ENABLE_DEBUG_INFO = NO;
				SDKROOT = iphoneos;
				SWIFT_OPTIMIZATION_LEVEL = "-Owholemodule";
				VALIDATE_PRODUCT = YES;
			};
			name = Release;
		};
		9FEEDDC8206444FF00F0DDAE /* Debug */ = {
			isa = XCBuildConfiguration;
			baseConfigurationReference = 680EC0C3689B044EDA25D934 /* Pods-EpitechEisenhower.debug.xcconfig */;
			buildSettings = {
				ASSETCATALOG_COMPILER_APPICON_NAME = AppIcon;
				CODE_SIGN_STYLE = Automatic;
				DEVELOPMENT_TEAM = K6RKDK6WM9;
				INFOPLIST_FILE = EpitechEisenhower/Info.plist;
				LD_RUNPATH_SEARCH_PATHS = "$(inherited) @executable_path/Frameworks";
				PRODUCT_BUNDLE_IDENTIFIER = eu.teddyC.EpitechEisenhower;
				PRODUCT_NAME = "$(TARGET_NAME)";
				SWIFT_VERSION = 4.0;
				TARGETED_DEVICE_FAMILY = "1,2";
			};
			name = Debug;
		};
		9FEEDDC9206444FF00F0DDAE /* Release */ = {
			isa = XCBuildConfiguration;
			baseConfigurationReference = B17F50435E73C81517598F48 /* Pods-EpitechEisenhower.release.xcconfig */;
			buildSettings = {
				ASSETCATALOG_COMPILER_APPICON_NAME = AppIcon;
				CODE_SIGN_STYLE = Automatic;
				DEVELOPMENT_TEAM = K6RKDK6WM9;
				INFOPLIST_FILE = EpitechEisenhower/Info.plist;
				LD_RUNPATH_SEARCH_PATHS = "$(inherited) @executable_path/Frameworks";
				PRODUCT_BUNDLE_IDENTIFIER = eu.teddyC.EpitechEisenhower;
				PRODUCT_NAME = "$(TARGET_NAME)";
				SWIFT_VERSION = 4.0;
				TARGETED_DEVICE_FAMILY = "1,2";
			};
			name = Release;
		};
		9FEEDDCB206444FF00F0DDAE /* Debug */ = {
			isa = XCBuildConfiguration;
			buildSettings = {
				ALWAYS_EMBED_SWIFT_STANDARD_LIBRARIES = YES;
				BUNDLE_LOADER = "$(TEST_HOST)";
				CODE_SIGN_STYLE = Automatic;
				DEVELOPMENT_TEAM = K6RKDK6WM9;
				INFOPLIST_FILE = EpitechEisenhowerTests/Info.plist;
				LD_RUNPATH_SEARCH_PATHS = "$(inherited) @executable_path/Frameworks @loader_path/Frameworks";
				PRODUCT_BUNDLE_IDENTIFIER = eu.teddyC.EpitechEisenhowerTests;
				PRODUCT_NAME = "$(TARGET_NAME)";
				SWIFT_VERSION = 4.0;
				TARGETED_DEVICE_FAMILY = "1,2";
				TEST_HOST = "$(BUILT_PRODUCTS_DIR)/EpitechEisenhower.app/EpitechEisenhower";
			};
			name = Debug;
		};
		9FEEDDCC206444FF00F0DDAE /* Release */ = {
			isa = XCBuildConfiguration;
			buildSettings = {
				ALWAYS_EMBED_SWIFT_STANDARD_LIBRARIES = YES;
				BUNDLE_LOADER = "$(TEST_HOST)";
				CODE_SIGN_STYLE = Automatic;
				DEVELOPMENT_TEAM = K6RKDK6WM9;
				INFOPLIST_FILE = EpitechEisenhowerTests/Info.plist;
				LD_RUNPATH_SEARCH_PATHS = "$(inherited) @executable_path/Frameworks @loader_path/Frameworks";
				PRODUCT_BUNDLE_IDENTIFIER = eu.teddyC.EpitechEisenhowerTests;
				PRODUCT_NAME = "$(TARGET_NAME)";
				SWIFT_VERSION = 4.0;
				TARGETED_DEVICE_FAMILY = "1,2";
				TEST_HOST = "$(BUILT_PRODUCTS_DIR)/EpitechEisenhower.app/EpitechEisenhower";
			};
			name = Release;
		};
/* End XCBuildConfiguration section */

/* Begin XCConfigurationList section */
		9FEEDDA5206444FD00F0DDAE /* Build configuration list for PBXProject "EpitechEisenhower" */ = {
			isa = XCConfigurationList;
			buildConfigurations = (
				9FEEDDC5206444FF00F0DDAE /* Debug */,
				9FEEDDC6206444FF00F0DDAE /* Release */,
			);
			defaultConfigurationIsVisible = 0;
			defaultConfigurationName = Release;
		};
		9FEEDDC7206444FF00F0DDAE /* Build configuration list for PBXNativeTarget "EpitechEisenhower" */ = {
			isa = XCConfigurationList;
			buildConfigurations = (
				9FEEDDC8206444FF00F0DDAE /* Debug */,
				9FEEDDC9206444FF00F0DDAE /* Release */,
			);
			defaultConfigurationIsVisible = 0;
			defaultConfigurationName = Release;
		};
		9FEEDDCA206444FF00F0DDAE /* Build configuration list for PBXNativeTarget "EpitechEisenhowerTests" */ = {
			isa = XCConfigurationList;
			buildConfigurations = (
				9FEEDDCB206444FF00F0DDAE /* Debug */,
				9FEEDDCC206444FF00F0DDAE /* Release */,
			);
			defaultConfigurationIsVisible = 0;
			defaultConfigurationName = Release;
		};
/* End XCConfigurationList section */
	};
	rootObject = 9FEEDDA2206444FD00F0DDAE /* Project object */;
}
